
Microsoft Visual Studio Solution File, Format Version 12.00
# Visual Studio Version 16
VisualStudioVersion = 16.0.29911.84
MinimumVisualStudioVersion = 10.0.40219.1
Project("{9A19103F-16F7-4668-BE54-9A1E7A4F7556}") = "AzureLab.FileProcessor", "AzureLab.FileProcessor\AzureLab.FileProcessor.csproj", "{1806773B-37D3-4784-AEA2-0E7EBDE46652}"
EndProject
Project("{9A19103F-16F7-4668-BE54-9A1E7A4F7556}") = "AzureLab.JsonTest", "AzureLab.JsonTest\AzureLab.JsonTest.csproj", "{66D086B5-8FB2-412F-9C71-B49B3E50CF34}"
EndProject
Project("{9A19103F-16F7-4668-BE54-9A1E7A4F7556}") = "AzureLab.Basics", "AzureLab.Basics\AzureLab.Basics.csproj", "{0B345209-F58A-4794-9A8E-FA4D4807BA4B}"
EndProject
Project("{9A19103F-16F7-4668-BE54-9A1E7A4F7556}") = "AzureLab.MailAlert", "AzureLab.MailAlert\AzureLab.MailAlert.csproj", "{86EFDD66-67DC-4C34-A997-B798C07CA40A}"
EndProject
Project("{9A19103F-16F7-4668-BE54-9A1E7A4F7556}") = "AzureLab.APIProcessor", "AzureLab.APIProcessor\AzureLab.APIProcessor.csproj", "{1916F26F-5B65-4466-AD14-77118565BB4A}"
EndProject
Project("{9A19103F-16F7-4668-BE54-9A1E7A4F7556}") = "AzureLab.LogAnalytics", "AzureLab.LogAnalytics\AzureLab.LogAnalytics.csproj", "{06AC0AC4-8190-4208-BD3E-EA4E783CF217}"
EndProject
Project("{9A19103F-16F7-4668-BE54-9A1E7A4F7556}") = "AzureLab.TestAPI", "AzureLab.TestAPI\AzureLab.TestAPI.csproj", "{695DF1BE-DFBB-42F5-901F-C596A07D7DA9}"
EndProject
Project("{9A19103F-16F7-4668-BE54-9A1E7A4F7556}") = "AzureLab.ServiceBus", "AzureLab.ServiceBus\AzureLab.ServiceBus.csproj", "{7B84FE09-CAC6-4044-8F6C-099BFC25D515}"
EndProject
Project("{9A19103F-16F7-4668-BE54-9A1E7A4F7556}") = "AzureLab.Portal", "AzureLab.Portal\AzureLab.Portal.csproj", "{0F338906-4630-49E4-8CB2-57040486E20B}"
EndProject
Project("{FAE04EC0-301F-11D3-BF4B-00C04F79EFBC}") = "AzureLab.AzureResources", "AzureLab.AzureResources\AzureLab.AzureResources.csproj", "{D810BCFC-B92D-4537-BF00-4DED5FD98DFC}"
EndProject
Global
	GlobalSection(SolutionConfigurationPlatforms) = preSolution
		Debug|Any CPU = Debug|Any CPU
		Release|Any CPU = Release|Any CPU
	EndGlobalSection
	GlobalSection(ProjectConfigurationPlatforms) = postSolution
		{1806773B-37D3-4784-AEA2-0E7EBDE46652}.Debug|Any CPU.ActiveCfg = Debug|Any CPU
		{1806773B-37D3-4784-AEA2-0E7EBDE46652}.Debug|Any CPU.Build.0 = Debug|Any CPU
		{1806773B-37D3-4784-AEA2-0E7EBDE46652}.Release|Any CPU.ActiveCfg = Release|Any CPU
		{1806773B-37D3-4784-AEA2-0E7EBDE46652}.Release|Any CPU.Build.0 = Release|Any CPU
		{66D086B5-8FB2-412F-9C71-B49B3E50CF34}.Debug|Any CPU.ActiveCfg = Debug|Any CPU
		{66D086B5-8FB2-412F-9C71-B49B3E50CF34}.Debug|Any CPU.Build.0 = Debug|Any CPU
		{66D086B5-8FB2-412F-9C71-B49B3E50CF34}.Release|Any CPU.ActiveCfg = Release|Any CPU
		{66D086B5-8FB2-412F-9C71-B49B3E50CF34}.Release|Any CPU.Build.0 = Release|Any CPU
		{0B345209-F58A-4794-9A8E-FA4D4807BA4B}.Debug|Any CPU.ActiveCfg = Debug|Any CPU
		{0B345209-F58A-4794-9A8E-FA4D4807BA4B}.Debug|Any CPU.Build.0 = Debug|Any CPU
		{0B345209-F58A-4794-9A8E-FA4D4807BA4B}.Release|Any CPU.ActiveCfg = Release|Any CPU
		{0B345209-F58A-4794-9A8E-FA4D4807BA4B}.Release|Any CPU.Build.0 = Release|Any CPU
		{86EFDD66-67DC-4C34-A997-B798C07CA40A}.Debug|Any CPU.ActiveCfg = Debug|Any CPU
		{86EFDD66-67DC-4C34-A997-B798C07CA40A}.Debug|Any CPU.Build.0 = Debug|Any CPU
		{86EFDD66-67DC-4C34-A997-B798C07CA40A}.Release|Any CPU.ActiveCfg = Release|Any CPU
		{86EFDD66-67DC-4C34-A997-B798C07CA40A}.Release|Any CPU.Build.0 = Release|Any CPU
		{1916F26F-5B65-4466-AD14-77118565BB4A}.Debug|Any CPU.ActiveCfg = Debug|Any CPU
		{1916F26F-5B65-4466-AD14-77118565BB4A}.Debug|Any CPU.Build.0 = Debug|Any CPU
		{1916F26F-5B65-4466-AD14-77118565BB4A}.Release|Any CPU.ActiveCfg = Release|Any CPU
		{1916F26F-5B65-4466-AD14-77118565BB4A}.Release|Any CPU.Build.0 = Release|Any CPU
		{06AC0AC4-8190-4208-BD3E-EA4E783CF217}.Debug|Any CPU.ActiveCfg = Debug|Any CPU
		{06AC0AC4-8190-4208-BD3E-EA4E783CF217}.Debug|Any CPU.Build.0 = Debug|Any CPU
		{06AC0AC4-8190-4208-BD3E-EA4E783CF217}.Release|Any CPU.ActiveCfg = Release|Any CPU
		{06AC0AC4-8190-4208-BD3E-EA4E783CF217}.Release|Any CPU.Build.0 = Release|Any CPU
		{695DF1BE-DFBB-42F5-901F-C596A07D7DA9}.Debug|Any CPU.ActiveCfg = Debug|Any CPU
		{695DF1BE-DFBB-42F5-901F-C596A07D7DA9}.Debug|Any CPU.Build.0 = Debug|Any CPU
		{695DF1BE-DFBB-42F5-901F-C596A07D7DA9}.Release|Any CPU.ActiveCfg = Release|Any CPU
		{695DF1BE-DFBB-42F5-901F-C596A07D7DA9}.Release|Any CPU.Build.0 = Release|Any CPU
		{7B84FE09-CAC6-4044-8F6C-099BFC25D515}.Debug|Any CPU.ActiveCfg = Debug|Any CPU
		{7B84FE09-CAC6-4044-8F6C-099BFC25D515}.Debug|Any CPU.Build.0 = Debug|Any CPU
		{7B84FE09-CAC6-4044-8F6C-099BFC25D515}.Release|Any CPU.ActiveCfg = Release|Any CPU
		{7B84FE09-CAC6-4044-8F6C-099BFC25D515}.Release|Any CPU.Build.0 = Release|Any CPU
		{0F338906-4630-49E4-8CB2-57040486E20B}.Debug|Any CPU.ActiveCfg = Debug|Any CPU
		{0F338906-4630-49E4-8CB2-57040486E20B}.Debug|Any CPU.Build.0 = Debug|Any CPU
		{0F338906-4630-49E4-8CB2-57040486E20B}.Release|Any CPU.ActiveCfg = Release|Any CPU
		{0F338906-4630-49E4-8CB2-57040486E20B}.Release|Any CPU.Build.0 = Release|Any CPU
		{D810BCFC-B92D-4537-BF00-4DED5FD98DFC}.Debug|Any CPU.ActiveCfg = Debug|Any CPU
		{D810BCFC-B92D-4537-BF00-4DED5FD98DFC}.Debug|Any CPU.Build.0 = Debug|Any CPU
		{D810BCFC-B92D-4537-BF00-4DED5FD98DFC}.Release|Any CPU.ActiveCfg = Release|Any CPU
		{D810BCFC-B92D-4537-BF00-4DED5FD98DFC}.Release|Any CPU.Build.0 = Release|Any CPU
	EndGlobalSection
	GlobalSection(SolutionProperties) = preSolution
		HideSolutionNode = FALSE
	EndGlobalSection
	GlobalSection(ExtensibilityGlobals) = postSolution
		SolutionGuid = {0AABE048-12EB-4C46-B9B3-4E3743021705}
	EndGlobalSection
EndGlobal
